// !$*UTF8*$!
{
	archiveVersion = 1;
	classes = {
	};
	objectVersion = 56;
	objects = {

/* Begin PBXBuildFile section */
		CF8EAC4F2AF88AF7007240D3 /* MessengerApp.swift in Sources */ = {isa = PBXBuildFile; fileRef = CF8EAC4E2AF88AF7007240D3 /* MessengerApp.swift */; };
		CF8EAC512AF88AF7007240D3 /* ContentView.swift in Sources */ = {isa = PBXBuildFile; fileRef = CF8EAC502AF88AF7007240D3 /* ContentView.swift */; };
		CF8EAC532AF88AFB007240D3 /* Assets.xcassets in Resources */ = {isa = PBXBuildFile; fileRef = CF8EAC522AF88AFB007240D3 /* Assets.xcassets */; };
		CF8EAC562AF88AFB007240D3 /* Preview Assets.xcassets in Resources */ = {isa = PBXBuildFile; fileRef = CF8EAC552AF88AFB007240D3 /* Preview Assets.xcassets */; };
		CF8EAC692AF88CCC007240D3 /* LoginView.swift in Sources */ = {isa = PBXBuildFile; fileRef = CF8EAC682AF88CCC007240D3 /* LoginView.swift */; };
		CF8EAC6B2AF8B9E5007240D3 /* SignUpView.swift in Sources */ = {isa = PBXBuildFile; fileRef = CF8EAC6A2AF8B9E5007240D3 /* SignUpView.swift */; };
		CF8EAC6D2AF8BD1D007240D3 /* InboxView.swift in Sources */ = {isa = PBXBuildFile; fileRef = CF8EAC6C2AF8BD1D007240D3 /* InboxView.swift */; };
/* End PBXBuildFile section */

/* Begin PBXFileReference section */
		CF8EAC4B2AF88AF7007240D3 /* Messenger.app */ = {isa = PBXFileReference; explicitFileType = wrapper.application; includeInIndex = 0; path = Messenger.app; sourceTree = BUILT_PRODUCTS_DIR; };
		CF8EAC4E2AF88AF7007240D3 /* MessengerApp.swift */ = {isa = PBXFileReference; lastKnownFileType = sourcecode.swift; path = MessengerApp.swift; sourceTree = "<group>"; };
		CF8EAC502AF88AF7007240D3 /* ContentView.swift */ = {isa = PBXFileReference; lastKnownFileType = sourcecode.swift; path = ContentView.swift; sourceTree = "<group>"; };
		CF8EAC522AF88AFB007240D3 /* Assets.xcassets */ = {isa = PBXFileReference; lastKnownFileType = folder.assetcatalog; path = Assets.xcassets; sourceTree = "<group>"; };
		CF8EAC552AF88AFB007240D3 /* Preview Assets.xcassets */ = {isa = PBXFileReference; lastKnownFileType = folder.assetcatalog; path = "Preview Assets.xcassets"; sourceTree = "<group>"; };
		CF8EAC682AF88CCC007240D3 /* LoginView.swift */ = {isa = PBXFileReference; lastKnownFileType = sourcecode.swift; path = LoginView.swift; sourceTree = "<group>"; };
		CF8EAC6A2AF8B9E5007240D3 /* SignUpView.swift */ = {isa = PBXFileReference; lastKnownFileType = sourcecode.swift; path = SignUpView.swift; sourceTree = "<group>"; };
		CF8EAC6C2AF8BD1D007240D3 /* InboxView.swift */ = {isa = PBXFileReference; lastKnownFileType = sourcecode.swift; path = InboxView.swift; sourceTree = "<group>"; };
/* End PBXFileReference section */

/* Begin PBXFrameworksBuildPhase section */
		CF8EAC482AF88AF7007240D3 /* Frameworks */ = {
			isa = PBXFrameworksBuildPhase;
			buildActionMask = 2147483647;
			files = (
			);
			runOnlyForDeploymentPostprocessing = 0;
		};
/* End PBXFrameworksBuildPhase section */

/* Begin PBXGroup section */
		CF8EAC422AF88AF7007240D3 = {
			isa = PBXGroup;
			children = (
				CF8EAC4D2AF88AF7007240D3 /* Messenger */,
				CF8EAC4C2AF88AF7007240D3 /* Products */,
			);
			sourceTree = "<group>";
		};
		CF8EAC4C2AF88AF7007240D3 /* Products */ = {
			isa = PBXGroup;
			children = (
				CF8EAC4B2AF88AF7007240D3 /* Messenger.app */,
			);
			name = Products;
			sourceTree = "<group>";
		};
		CF8EAC4D2AF88AF7007240D3 /* Messenger */ = {
			isa = PBXGroup;
			children = (
				CF8EAC602AF88B8E007240D3 /* Extension */,
				CF8EAC5F2AF88B80007240D3 /* Service */,
				CF8EAC5E2AF88B74007240D3 /* Model */,
				CF8EAC5D2AF88B66007240D3 /* Core */,
				CF8EAC5C2AF88B58007240D3 /* App */,
				CF8EAC522AF88AFB007240D3 /* Assets.xcassets */,
				CF8EAC542AF88AFB007240D3 /* Preview Content */,
			);
			path = Messenger;
			sourceTree = "<group>";
		};
		CF8EAC542AF88AFB007240D3 /* Preview Content */ = {
			isa = PBXGroup;
			children = (
				CF8EAC552AF88AFB007240D3 /* Preview Assets.xcassets */,
			);
			path = "Preview Content";
			sourceTree = "<group>";
		};
		CF8EAC5C2AF88B58007240D3 /* App */ = {
			isa = PBXGroup;
			children = (
				CF8EAC4E2AF88AF7007240D3 /* MessengerApp.swift */,
			);
			path = App;
			sourceTree = "<group>";
		};
		CF8EAC5D2AF88B66007240D3 /* Core */ = {
			isa = PBXGroup;
			children = (
				CF8EAC672AF88C44007240D3 /* Components */,
				CF8EAC662AF88C23007240D3 /* Root */,
				CF8EAC612AF88BC2007240D3 /* Auth */,
				CF8EAC642AF88BEA007240D3 /* Chat */,
				CF8EAC652AF88BF5007240D3 /* Profile */,
				CF8EAC632AF88BDD007240D3 /* NewMessage */,
				CF8EAC622AF88BCE007240D3 /* Inbox */,
			);
			path = Core;
			sourceTree = "<group>";
		};
		CF8EAC5E2AF88B74007240D3 /* Model */ = {
			isa = PBXGroup;
			children = (
			);
			path = Model;
			sourceTree = "<group>";
		};
		CF8EAC5F2AF88B80007240D3 /* Service */ = {
			isa = PBXGroup;
			children = (
			);
			path = Service;
			sourceTree = "<group>";
		};
		CF8EAC602AF88B8E007240D3 /* Extension */ = {
			isa = PBXGroup;
			children = (
			);
			path = Extension;
			sourceTree = "<group>";
		};
		CF8EAC612AF88BC2007240D3 /* Auth */ = {
			isa = PBXGroup;
			children = (
				CF8EAC682AF88CCC007240D3 /* LoginView.swift */,
				CF8EAC6A2AF8B9E5007240D3 /* SignUpView.swift */,
			);
			path = Auth;
			sourceTree = "<group>";
		};
		CF8EAC622AF88BCE007240D3 /* Inbox */ = {
			isa = PBXGroup;
			children = (
				CF8EAC6C2AF8BD1D007240D3 /* InboxView.swift */,
			);
			path = Inbox;
			sourceTree = "<group>";
		};
		CF8EAC632AF88BDD007240D3 /* NewMessage */ = {
			isa = PBXGroup;
			children = (
			);
			path = NewMessage;
			sourceTree = "<group>";
		};
		CF8EAC642AF88BEA007240D3 /* Chat */ = {
			isa = PBXGroup;
			children = (
			);
			path = Chat;
			sourceTree = "<group>";
		};
		CF8EAC652AF88BF5007240D3 /* Profile */ = {
			isa = PBXGroup;
			children = (
			);
			path = Profile;
			sourceTree = "<group>";
		};
		CF8EAC662AF88C23007240D3 /* Root */ = {
			isa = PBXGroup;
			children = (
				CF8EAC502AF88AF7007240D3 /* ContentView.swift */,
			);
			path = Root;
			sourceTree = "<group>";
		};
		CF8EAC672AF88C44007240D3 /* Components */ = {
			isa = PBXGroup;
			children = (
			);
			path = Components;
			sourceTree = "<group>";
		};
/* End PBXGroup section */

/* Begin PBXNativeTarget section */
		CF8EAC4A2AF88AF7007240D3 /* Messenger */ = {
			isa = PBXNativeTarget;
			buildConfigurationList = CF8EAC592AF88AFB007240D3 /* Build configuration list for PBXNativeTarget "Messenger" */;
			buildPhases = (
				CF8EAC472AF88AF7007240D3 /* Sources */,
				CF8EAC482AF88AF7007240D3 /* Frameworks */,
				CF8EAC492AF88AF7007240D3 /* Resources */,
			);
			buildRules = (
			);
			dependencies = (
			);
			name = Messenger;
			productName = Messenger;
			productReference = CF8EAC4B2AF88AF7007240D3 /* Messenger.app */;
			productType = "com.apple.product-type.application";
		};
/* End PBXNativeTarget section */

/* Begin PBXProject section */
		CF8EAC432AF88AF7007240D3 /* Project object */ = {
			isa = PBXProject;
			attributes = {
				BuildIndependentTargetsInParallel = 1;
				LastSwiftUpdateCheck = 1430;
				LastUpgradeCheck = 1430;
				TargetAttributes = {
					CF8EAC4A2AF88AF7007240D3 = {
						CreatedOnToolsVersion = 14.3.1;
					};
				};
			};
			buildConfigurationList = CF8EAC462AF88AF7007240D3 /* Build configuration list for PBXProject "Messenger" */;
			compatibilityVersion = "Xcode 14.0";
			developmentRegion = en;
			hasScannedForEncodings = 0;
			knownRegions = (
				en,
				Base,
			);
			mainGroup = CF8EAC422AF88AF7007240D3;
			productRefGroup = CF8EAC4C2AF88AF7007240D3 /* Products */;
			projectDirPath = "";
			projectRoot = "";
			targets = (
				CF8EAC4A2AF88AF7007240D3 /* Messenger */,
			);
		};
/* End PBXProject section */

/* Begin PBXResourcesBuildPhase section */
		CF8EAC492AF88AF7007240D3 /* Resources */ = {
			isa = PBXResourcesBuildPhase;
			buildActionMask = 2147483647;
			files = (
				CF8EAC562AF88AFB007240D3 /* Preview Assets.xcassets in Resources */,
				CF8EAC532AF88AFB007240D3 /* Assets.xcassets in Resources */,
			);
			runOnlyForDeploymentPostprocessing = 0;
		};
/* End PBXResourcesBuildPhase section */

/* Begin PBXSourcesBuildPhase section */
		CF8EAC472AF88AF7007240D3 /* Sources */ = {
			isa = PBXSourcesBuildPhase;
			buildActionMask = 2147483647;
			files = (
				CF8EAC6B2AF8B9E5007240D3 /* SignUpView.swift in Sources */,
				CF8EAC692AF88CCC007240D3 /* LoginView.swift in Sources */,
				CF8EAC6D2AF8BD1D007240D3 /* InboxView.swift in Sources */,
				CF8EAC512AF88AF7007240D3 /* ContentView.swift in Sources */,
				CF8EAC4F2AF88AF7007240D3 /* MessengerApp.swift in Sources */,
			);
			runOnlyForDeploymentPostprocessing = 0;
		};
/* End PBXSourcesBuildPhase section */

/* Begin XCBuildConfiguration section */
		CF8EAC572AF88AFB007240D3 /* Debug */ = {
			isa = XCBuildConfiguration;
			buildSettings = {
				ALWAYS_SEARCH_USER_PATHS = NO;
				CLANG_ANALYZER_NONNULL = YES;
				CLANG_ANALYZER_NUMBER_OBJECT_CONVERSION = YES_AGGRESSIVE;
				CLANG_CXX_LANGUAGE_STANDARD = "gnu++20";
				CLANG_ENABLE_MODULES = YES;
				CLANG_ENABLE_OBJC_ARC = YES;
				CLANG_ENABLE_OBJC_WEAK = YES;
				CLANG_WARN_BLOCK_CAPTURE_AUTORELEASING = YES;
				CLANG_WARN_BOOL_CONVERSION = YES;
				CLANG_WARN_COMMA = YES;
				CLANG_WARN_CONSTANT_CONVERSION = YES;
				CLANG_WARN_DEPRECATED_OBJC_IMPLEMENTATIONS = YES;
				CLANG_WARN_DIRECT_OBJC_ISA_USAGE = YES_ERROR;
				CLANG_WARN_DOCUMENTATION_COMMENTS = YES;
				CLANG_WARN_EMPTY_BODY = YES;
				CLANG_WARN_ENUM_CONVERSION = YES;
				CLANG_WARN_INFINITE_RECURSION = YES;
				CLANG_WARN_INT_CONVERSION = YES;
				CLANG_WARN_NON_LITERAL_NULL_CONVERSION = YES;
				CLANG_WARN_OBJC_IMPLICIT_RETAIN_SELF = YES;
				CLANG_WARN_OBJC_LITERAL_CONVERSION = YES;
				CLANG_WARN_OBJC_ROOT_CLASS = YES_ERROR;
				CLANG_WARN_QUOTED_INCLUDE_IN_FRAMEWORK_HEADER = YES;
				CLANG_WARN_RANGE_LOOP_ANALYSIS = YES;
				CLANG_WARN_STRICT_PROTOTYPES = YES;
				CLANG_WARN_SUSPICIOUS_MOVE = YES;
				CLANG_WARN_UNGUARDED_AVAILABILITY = YES_AGGRESSIVE;
				CLANG_WARN_UNREACHABLE_CODE = YES;
				CLANG_WARN__DUPLICATE_METHOD_MATCH = YES;
				COPY_PHASE_STRIP = NO;
				DEBUG_INFORMATION_FORMAT = dwarf;
				ENABLE_STRICT_OBJC_MSGSEND = YES;
				ENABLE_TESTABILITY = YES;
				GCC_C_LANGUAGE_STANDARD = gnu11;
				GCC_DYNAMIC_NO_PIC = NO;
				GCC_NO_COMMON_BLOCKS = YES;
				GCC_OPTIMIZATION_LEVEL = 0;
				GCC_PREPROCESSOR_DEFINITIONS = (
					"DEBUG=1",
					"$(inherited)",
				);
				GCC_WARN_64_TO_32_BIT_CONVERSION = YES;
				GCC_WARN_ABOUT_RETURN_TYPE = YES_ERROR;
				GCC_WARN_UNDECLARED_SELECTOR = YES;
				GCC_WARN_UNINITIALIZED_AUTOS = YES_AGGRESSIVE;
				GCC_WARN_UNUSED_FUNCTION = YES;
				GCC_WARN_UNUSED_VARIABLE = YES;
				IPHONEOS_DEPLOYMENT_TARGET = 16.4;
				MTL_ENABLE_DEBUG_INFO = INCLUDE_SOURCE;
				MTL_FAST_MATH = YES;
				ONLY_ACTIVE_ARCH = YES;
				SDKROOT = iphoneos;
				SWIFT_ACTIVE_COMPILATION_CONDITIONS = DEBUG;
				SWIFT_OPTIMIZATION_LEVEL = "-Onone";
			};
			name = Debug;
		};
		CF8EAC582AF88AFB007240D3 /* Release */ = {
			isa = XCBuildConfiguration;
			buildSettings = {
				ALWAYS_SEARCH_USER_PATHS = NO;
				CLANG_ANALYZER_NONNULL = YES;
				CLANG_ANALYZER_NUMBER_OBJECT_CONVERSION = YES_AGGRESSIVE;
				CLANG_CXX_LANGUAGE_STANDARD = "gnu++20";
				CLANG_ENABLE_MODULES = YES;
				CLANG_ENABLE_OBJC_ARC = YES;
				CLANG_ENABLE_OBJC_WEAK = YES;
				CLANG_WARN_BLOCK_CAPTURE_AUTORELEASING = YES;
				CLANG_WARN_BOOL_CONVERSION = YES;
				CLANG_WARN_COMMA = YES;
				CLANG_WARN_CONSTANT_CONVERSION = YES;
				CLANG_WARN_DEPRECATED_OBJC_IMPLEMENTATIONS = YES;
				CLANG_WARN_DIRECT_OBJC_ISA_USAGE = YES_ERROR;
				CLANG_WARN_DOCUMENTATION_COMMENTS = YES;
				CLANG_WARN_EMPTY_BODY = YES;
				CLANG_WARN_ENUM_CONVERSION = YES;
				CLANG_WARN_INFINITE_RECURSION = YES;
				CLANG_WARN_INT_CONVERSION = YES;
				CLANG_WARN_NON_LITERAL_NULL_CONVERSION = YES;
				CLANG_WARN_OBJC_IMPLICIT_RETAIN_SELF = YES;
				CLANG_WARN_OBJC_LITERAL_CONVERSION = YES;
				CLANG_WARN_OBJC_ROOT_CLASS = YES_ERROR;
				CLANG_WARN_QUOTED_INCLUDE_IN_FRAMEWORK_HEADER = YES;
				CLANG_WARN_RANGE_LOOP_ANALYSIS = YES;
				CLANG_WARN_STRICT_PROTOTYPES = YES;
				CLANG_WARN_SUSPICIOUS_MOVE = YES;
				CLANG_WARN_UNGUARDED_AVAILABILITY = YES_AGGRESSIVE;
				CLANG_WARN_UNREACHABLE_CODE = YES;
				CLANG_WARN__DUPLICATE_METHOD_MATCH = YES;
				COPY_PHASE_STRIP = NO;
				DEBUG_INFORMATION_FORMAT = "dwarf-with-dsym";
				ENABLE_NS_ASSERTIONS = NO;
				ENABLE_STRICT_OBJC_MSGSEND = YES;
				GCC_C_LANGUAGE_STANDARD = gnu11;
				GCC_NO_COMMON_BLOCKS = YES;
				GCC_WARN_64_TO_32_BIT_CONVERSION = YES;
				GCC_WARN_ABOUT_RETURN_TYPE = YES_ERROR;
				GCC_WARN_UNDECLARED_SELECTOR = YES;
				GCC_WARN_UNINITIALIZED_AUTOS = YES_AGGRESSIVE;
				GCC_WARN_UNUSED_FUNCTION = YES;
				GCC_WARN_UNUSED_VARIABLE = YES;
				IPHONEOS_DEPLOYMENT_TARGET = 16.4;
				MTL_ENABLE_DEBUG_INFO = NO;
				MTL_FAST_MATH = YES;
				SDKROOT = iphoneos;
				SWIFT_COMPILATION_MODE = wholemodule;
				SWIFT_OPTIMIZATION_LEVEL = "-O";
				VALIDATE_PRODUCT = YES;
			};
			name = Release;
		};
		CF8EAC5A2AF88AFB007240D3 /* Debug */ = {
			isa = XCBuildConfiguration;
			buildSettings = {
				ASSETCATALOG_COMPILER_APPICON_NAME = AppIcon;
				ASSETCATALOG_COMPILER_GLOBAL_ACCENT_COLOR_NAME = AccentColor;
				CODE_SIGN_STYLE = Automatic;
				CURRENT_PROJECT_VERSION = 1;
				DEVELOPMENT_ASSET_PATHS = "\"Messenger/Preview Content\"";
				DEVELOPMENT_TEAM = 6VC84T9283;
				ENABLE_PREVIEWS = YES;
				GENERATE_INFOPLIST_FILE = YES;
				INFOPLIST_KEY_UIApplicationSceneManifest_Generation = YES;
				INFOPLIST_KEY_UIApplicationSupportsIndirectInputEvents = YES;
				INFOPLIST_KEY_UILaunchScreen_Generation = YES;
				INFOPLIST_KEY_UISupportedInterfaceOrientations_iPad = "UIInterfaceOrientationPortrait UIInterfaceOrientationPortraitUpsideDown UIInterfaceOrientationLandscapeLeft UIInterfaceOrientationLandscapeRight";
				INFOPLIST_KEY_UISupportedInterfaceOrientations_iPhone = "UIInterfaceOrientationPortrait UIInterfaceOrientationLandscapeLeft UIInterfaceOrientationLandscapeRight";
				LD_RUNPATH_SEARCH_PATHS = (
					"$(inherited)",
					"@executable_path/Frameworks",
				);
				MARKETING_VERSION = 1.0;
				PRODUCT_BUNDLE_IDENTIFIER = com.abc.Messenger;
				PRODUCT_NAME = "$(TARGET_NAME)";
				SWIFT_EMIT_LOC_STRINGS = YES;
				SWIFT_VERSION = 5.0;
				TARGETED_DEVICE_FAMILY = "1,2";
			};
			name = Debug;
		};
		CF8EAC5B2AF88AFB007240D3 /* Release */ = {
			isa = XCBuildConfiguration;
			buildSettings = {
				ASSETCATALOG_COMPILER_APPICON_NAME = AppIcon;
				ASSETCATALOG_COMPILER_GLOBAL_ACCENT_COLOR_NAME = AccentColor;
				CODE_SIGN_STYLE = Automatic;
				CURRENT_PROJECT_VERSION = 1;
				DEVELOPMENT_ASSET_PATHS = "\"Messenger/Preview Content\"";
				DEVELOPMENT_TEAM = 6VC84T9283;
				ENABLE_PREVIEWS = YES;
				GENERATE_INFOPLIST_FILE = YES;
				INFOPLIST_KEY_UIApplicationSceneManifest_Generation = YES;
				INFOPLIST_KEY_UIApplicationSupportsIndirectInputEvents = YES;
				INFOPLIST_KEY_UILaunchScreen_Generation = YES;
				INFOPLIST_KEY_UISupportedInterfaceOrientations_iPad = "UIInterfaceOrientationPortrait UIInterfaceOrientationPortraitUpsideDown UIInterfaceOrientationLandscapeLeft UIInterfaceOrientationLandscapeRight";
				INFOPLIST_KEY_UISupportedInterfaceOrientations_iPhone = "UIInterfaceOrientationPortrait UIInterfaceOrientationLandscapeLeft UIInterfaceOrientationLandscapeRight";
				LD_RUNPATH_SEARCH_PATHS = (
					"$(inherited)",
					"@executable_path/Frameworks",
				);
				MARKETING_VERSION = 1.0;
				PRODUCT_BUNDLE_IDENTIFIER = com.abc.Messenger;
				PRODUCT_NAME = "$(TARGET_NAME)";
				SWIFT_EMIT_LOC_STRINGS = YES;
				SWIFT_VERSION = 5.0;
				TARGETED_DEVICE_FAMILY = "1,2";
			};
			name = Release;
		};
/* End XCBuildConfiguration section */

/* Begin XCConfigurationList section */
		CF8EAC462AF88AF7007240D3 /* Build configuration list for PBXProject "Messenger" */ = {
			isa = XCConfigurationList;
			buildConfigurations = (
				CF8EAC572AF88AFB007240D3 /* Debug */,
				CF8EAC582AF88AFB007240D3 /* Release */,
			);
			defaultConfigurationIsVisible = 0;
			defaultConfigurationName = Release;
		};
		CF8EAC592AF88AFB007240D3 /* Build configuration list for PBXNativeTarget "Messenger" */ = {
			isa = XCConfigurationList;
			buildConfigurations = (
				CF8EAC5A2AF88AFB007240D3 /* Debug */,
				CF8EAC5B2AF88AFB007240D3 /* Release */,
			);
			defaultConfigurationIsVisible = 0;
			defaultConfigurationName = Release;
		};
/* End XCConfigurationList section */
	};
	rootObject = CF8EAC432AF88AF7007240D3 /* Project object */;
}
